
Microsoft Visual Studio Solution File, Format Version 12.00
# Visual Studio Version 17
VisualStudioVersion = 17.0.31903.59
MinimumVisualStudioVersion = 10.0.40219.1
Project("{2150E333-8FDC-42A3-9474-1A3956D46DE8}") = "src", "src", "{CA744DB6-186A-4256-968C-11C1E3B72094}"
EndProject
Project("{FAE04EC0-301F-11D3-BF4B-00C04F79EFBC}") = "CloudSuite.Infrastructure", "src\CloudSuite.Infrastructure\CloudSuite.Infrastructure.csproj", "{302DD017-DB04-4CC2-B18A-1D4DEDD70A0A}"
EndProject
Project("{FAE04EC0-301F-11D3-BF4B-00C04F79EFBC}") = "CloudSuite.Infrastructure.CrossCutting", "src\CloudSuite.Infrastructure.CrossCutting\CloudSuite.Infrastructure.CrossCutting.csproj", "{0C58C463-35B3-462B-8F33-9F5BCBAF6FB3}"
EndProject
Project("{FAE04EC0-301F-11D3-BF4B-00C04F79EFBC}") = "CloudSuite.Subscriptions.Domain", "src\CloudSuite.Subscriptions.Domain\CloudSuite.Subscriptions.Domain.csproj", "{EB5ABAA9-DABC-451E-B6F5-3AA732BAF7F1}"
EndProject
Project("{FAE04EC0-301F-11D3-BF4B-00C04F79EFBC}") = "CloudSuite.Subscriptions.Application", "src\CloudSuite.Subscriptions.Application\CloudSuite.Subscriptions.Application.csproj", "{2290DAED-C17A-4E65-9392-8CB3FBE7A866}"
EndProject
Project("{FAE04EC0-301F-11D3-BF4B-00C04F79EFBC}") = "CloudSuite.Services.Subscriptions.Api", "src\CloudSuite.Services.Subscriptions.Api\CloudSuite.Services.Subscriptions.Api.csproj", "{98CFC277-13BA-4FD7-B6D9-DF5CC3C7C181}"
EndProject
Project("{FAE04EC0-301F-11D3-BF4B-00C04F79EFBC}") = "CloudSuite.Commons", "src\CloudSuite.Commons\CloudSuite.Commons.csproj", "{B63451DA-4C28-476B-AD2D-ADADC089FF4B}"
EndProject
Global
	GlobalSection(SolutionConfigurationPlatforms) = preSolution
		Debug|Any CPU = Debug|Any CPU
		Release|Any CPU = Release|Any CPU
	EndGlobalSection
	GlobalSection(SolutionProperties) = preSolution
		HideSolutionNode = FALSE
	EndGlobalSection
	GlobalSection(ProjectConfigurationPlatforms) = postSolution
		{302DD017-DB04-4CC2-B18A-1D4DEDD70A0A}.Debug|Any CPU.ActiveCfg = Debug|Any CPU
		{302DD017-DB04-4CC2-B18A-1D4DEDD70A0A}.Debug|Any CPU.Build.0 = Debug|Any CPU
		{302DD017-DB04-4CC2-B18A-1D4DEDD70A0A}.Release|Any CPU.ActiveCfg = Release|Any CPU
		{302DD017-DB04-4CC2-B18A-1D4DEDD70A0A}.Release|Any CPU.Build.0 = Release|Any CPU
		{0C58C463-35B3-462B-8F33-9F5BCBAF6FB3}.Debug|Any CPU.ActiveCfg = Debug|Any CPU
		{0C58C463-35B3-462B-8F33-9F5BCBAF6FB3}.Debug|Any CPU.Build.0 = Debug|Any CPU
		{0C58C463-35B3-462B-8F33-9F5BCBAF6FB3}.Release|Any CPU.ActiveCfg = Release|Any CPU
		{0C58C463-35B3-462B-8F33-9F5BCBAF6FB3}.Release|Any CPU.Build.0 = Release|Any CPU
		{EB5ABAA9-DABC-451E-B6F5-3AA732BAF7F1}.Debug|Any CPU.ActiveCfg = Debug|Any CPU
		{EB5ABAA9-DABC-451E-B6F5-3AA732BAF7F1}.Debug|Any CPU.Build.0 = Debug|Any CPU
		{EB5ABAA9-DABC-451E-B6F5-3AA732BAF7F1}.Release|Any CPU.ActiveCfg = Release|Any CPU
		{EB5ABAA9-DABC-451E-B6F5-3AA732BAF7F1}.Release|Any CPU.Build.0 = Release|Any CPU
		{2290DAED-C17A-4E65-9392-8CB3FBE7A866}.Debug|Any CPU.ActiveCfg = Debug|Any CPU
		{2290DAED-C17A-4E65-9392-8CB3FBE7A866}.Debug|Any CPU.Build.0 = Debug|Any CPU
		{2290DAED-C17A-4E65-9392-8CB3FBE7A866}.Release|Any CPU.ActiveCfg = Release|Any CPU
		{2290DAED-C17A-4E65-9392-8CB3FBE7A866}.Release|Any CPU.Build.0 = Release|Any CPU
		{98CFC277-13BA-4FD7-B6D9-DF5CC3C7C181}.Debug|Any CPU.ActiveCfg = Debug|Any CPU
		{98CFC277-13BA-4FD7-B6D9-DF5CC3C7C181}.Debug|Any CPU.Build.0 = Debug|Any CPU
		{98CFC277-13BA-4FD7-B6D9-DF5CC3C7C181}.Release|Any CPU.ActiveCfg = Release|Any CPU
		{98CFC277-13BA-4FD7-B6D9-DF5CC3C7C181}.Release|Any CPU.Build.0 = Release|Any CPU
		{B63451DA-4C28-476B-AD2D-ADADC089FF4B}.Debug|Any CPU.ActiveCfg = Debug|Any CPU
		{B63451DA-4C28-476B-AD2D-ADADC089FF4B}.Debug|Any CPU.Build.0 = Debug|Any CPU
		{B63451DA-4C28-476B-AD2D-ADADC089FF4B}.Release|Any CPU.ActiveCfg = Release|Any CPU
		{B63451DA-4C28-476B-AD2D-ADADC089FF4B}.Release|Any CPU.Build.0 = Release|Any CPU
	EndGlobalSection
	GlobalSection(NestedProjects) = preSolution
		{302DD017-DB04-4CC2-B18A-1D4DEDD70A0A} = {CA744DB6-186A-4256-968C-11C1E3B72094}
		{0C58C463-35B3-462B-8F33-9F5BCBAF6FB3} = {CA744DB6-186A-4256-968C-11C1E3B72094}
		{EB5ABAA9-DABC-451E-B6F5-3AA732BAF7F1} = {CA744DB6-186A-4256-968C-11C1E3B72094}
		{2290DAED-C17A-4E65-9392-8CB3FBE7A866} = {CA744DB6-186A-4256-968C-11C1E3B72094}
		{98CFC277-13BA-4FD7-B6D9-DF5CC3C7C181} = {CA744DB6-186A-4256-968C-11C1E3B72094}
		{B63451DA-4C28-476B-AD2D-ADADC089FF4B} = {CA744DB6-186A-4256-968C-11C1E3B72094}
	EndGlobalSection
EndGlobal
