
Microsoft Visual Studio Solution File, Format Version 12.00
# Visual Studio Version 17
VisualStudioVersion = 17.0.31903.59
MinimumVisualStudioVersion = 10.0.40219.1
Project("{2150E333-8FDC-42A3-9474-1A3956D46DE8}") = "src", "src", "{BA82BDA7-B3A7-4FBA-BF55-AA1E38146368}"
EndProject
Project("{2150E333-8FDC-42A3-9474-1A3956D46DE8}") = "Modules", "Modules", "{F82DA527-CEE4-42A1-8CC1-999A21A5C006}"
EndProject
Project("{9A19103F-16F7-4668-BE54-9A1E7A4F7556}") = "CloudSuite.Modules.Domain", "src\Modules\CloudSuite.Modules.Domain\CloudSuite.Modules.Domain.csproj", "{2E3CB821-A6AC-4FF7-A81E-D13477F18B09}"
EndProject
Project("{9A19103F-16F7-4668-BE54-9A1E7A4F7556}") = "CloudSuite.Modules.Application", "src\Modules\CloudSuite.Modules.Application\CloudSuite.Modules.Application.csproj", "{84144ADF-6FA4-449F-AE80-651636EFFA52}"
EndProject
Project("{2150E333-8FDC-42A3-9474-1A3956D46DE8}") = "Infrastructure", "Infrastructure", "{AEC22020-F68F-42C8-8383-19EF9D02B959}"
EndProject
Project("{9A19103F-16F7-4668-BE54-9A1E7A4F7556}") = "CloudSuite.Infrastructure", "src\Infrastructure\CloudSuite.Infrastructure\CloudSuite.Infrastructure.csproj", "{F74AF71C-072D-4EBE-ACAD-7CB2B68B58B5}"
EndProject
Project("{9A19103F-16F7-4668-BE54-9A1E7A4F7556}") = "CloudSuite.Infrastructure.CrossCutting", "src\Infrastructure\CloudSuite.Infrastructure.CrossCutting\CloudSuite.Infrastructure.CrossCutting.csproj", "{5F8C8D26-6A2C-4B21-A17D-5422F80A2136}"
EndProject
Project("{2150E333-8FDC-42A3-9474-1A3956D46DE8}") = "test", "test", "{48F4B838-5FF9-41F6-A98A-166B3938D1E5}"
EndProject
Project("{9A19103F-16F7-4668-BE54-9A1E7A4F7556}") = "CloudSuite.Infrastructure.Tests", "test\CloudSuite.Infrastructure.Tests\CloudSuite.Infrastructure.Tests.csproj", "{286C9E60-9FCA-4372-A326-F2EF57167E86}"
EndProject
Project("{9A19103F-16F7-4668-BE54-9A1E7A4F7556}") = "CloudSuite.Modules.Application.Tests", "test\CloudSuite.Modules.Application.Tests\CloudSuite.Modules.Application.Tests.csproj", "{88FD6CA0-622A-4516-A371-FE10AF3CE1C1}"
EndProject
Project("{2150E333-8FDC-42A3-9474-1A3956D46DE8}") = "Rest", "Rest", "{4F15D698-EBF1-4CD0-83D3-5392D49F452E}"
EndProject
Project("{9A19103F-16F7-4668-BE54-9A1E7A4F7556}") = "CloudSuite.Services.Subscriptions.API", "src\Rest\CloudSuite.Services.Subscriptions.API\CloudSuite.Services.Subscriptions.API.csproj", "{DD1FBCC2-8C59-496D-AE04-A89E0C52A375}"
EndProject
Project("{9A19103F-16F7-4668-BE54-9A1E7A4F7556}") = "CloudSuite.Modules.Commons", "src\Modules\CloudSuite.Modules.Commons\CloudSuite.Modules.Commons.csproj", "{A6A653F3-52AB-4514-9B2C-36D16961789A}"
EndProject
Global
	GlobalSection(SolutionConfigurationPlatforms) = preSolution
		Debug|Any CPU = Debug|Any CPU
		Release|Any CPU = Release|Any CPU
	EndGlobalSection
	GlobalSection(ProjectConfigurationPlatforms) = postSolution
		{2E3CB821-A6AC-4FF7-A81E-D13477F18B09}.Debug|Any CPU.ActiveCfg = Debug|Any CPU
		{2E3CB821-A6AC-4FF7-A81E-D13477F18B09}.Debug|Any CPU.Build.0 = Debug|Any CPU
		{2E3CB821-A6AC-4FF7-A81E-D13477F18B09}.Release|Any CPU.ActiveCfg = Release|Any CPU
		{2E3CB821-A6AC-4FF7-A81E-D13477F18B09}.Release|Any CPU.Build.0 = Release|Any CPU
		{84144ADF-6FA4-449F-AE80-651636EFFA52}.Debug|Any CPU.ActiveCfg = Debug|Any CPU
		{84144ADF-6FA4-449F-AE80-651636EFFA52}.Debug|Any CPU.Build.0 = Debug|Any CPU
		{84144ADF-6FA4-449F-AE80-651636EFFA52}.Release|Any CPU.ActiveCfg = Release|Any CPU
		{84144ADF-6FA4-449F-AE80-651636EFFA52}.Release|Any CPU.Build.0 = Release|Any CPU
		{F74AF71C-072D-4EBE-ACAD-7CB2B68B58B5}.Debug|Any CPU.ActiveCfg = Debug|Any CPU
		{F74AF71C-072D-4EBE-ACAD-7CB2B68B58B5}.Debug|Any CPU.Build.0 = Debug|Any CPU
		{F74AF71C-072D-4EBE-ACAD-7CB2B68B58B5}.Release|Any CPU.ActiveCfg = Release|Any CPU
		{F74AF71C-072D-4EBE-ACAD-7CB2B68B58B5}.Release|Any CPU.Build.0 = Release|Any CPU
		{5F8C8D26-6A2C-4B21-A17D-5422F80A2136}.Debug|Any CPU.ActiveCfg = Debug|Any CPU
		{5F8C8D26-6A2C-4B21-A17D-5422F80A2136}.Debug|Any CPU.Build.0 = Debug|Any CPU
		{5F8C8D26-6A2C-4B21-A17D-5422F80A2136}.Release|Any CPU.ActiveCfg = Release|Any CPU
		{5F8C8D26-6A2C-4B21-A17D-5422F80A2136}.Release|Any CPU.Build.0 = Release|Any CPU
		{286C9E60-9FCA-4372-A326-F2EF57167E86}.Debug|Any CPU.ActiveCfg = Debug|Any CPU
		{286C9E60-9FCA-4372-A326-F2EF57167E86}.Debug|Any CPU.Build.0 = Debug|Any CPU
		{286C9E60-9FCA-4372-A326-F2EF57167E86}.Release|Any CPU.ActiveCfg = Release|Any CPU
		{286C9E60-9FCA-4372-A326-F2EF57167E86}.Release|Any CPU.Build.0 = Release|Any CPU
		{88FD6CA0-622A-4516-A371-FE10AF3CE1C1}.Debug|Any CPU.ActiveCfg = Debug|Any CPU
		{88FD6CA0-622A-4516-A371-FE10AF3CE1C1}.Debug|Any CPU.Build.0 = Debug|Any CPU
		{88FD6CA0-622A-4516-A371-FE10AF3CE1C1}.Release|Any CPU.ActiveCfg = Release|Any CPU
		{88FD6CA0-622A-4516-A371-FE10AF3CE1C1}.Release|Any CPU.Build.0 = Release|Any CPU
		{DD1FBCC2-8C59-496D-AE04-A89E0C52A375}.Debug|Any CPU.ActiveCfg = Debug|Any CPU
		{DD1FBCC2-8C59-496D-AE04-A89E0C52A375}.Debug|Any CPU.Build.0 = Debug|Any CPU
		{DD1FBCC2-8C59-496D-AE04-A89E0C52A375}.Release|Any CPU.ActiveCfg = Release|Any CPU
		{DD1FBCC2-8C59-496D-AE04-A89E0C52A375}.Release|Any CPU.Build.0 = Release|Any CPU
		{A6A653F3-52AB-4514-9B2C-36D16961789A}.Debug|Any CPU.ActiveCfg = Debug|Any CPU
		{A6A653F3-52AB-4514-9B2C-36D16961789A}.Debug|Any CPU.Build.0 = Debug|Any CPU
		{A6A653F3-52AB-4514-9B2C-36D16961789A}.Release|Any CPU.ActiveCfg = Release|Any CPU
		{A6A653F3-52AB-4514-9B2C-36D16961789A}.Release|Any CPU.Build.0 = Release|Any CPU
	EndGlobalSection
	GlobalSection(SolutionProperties) = preSolution
		HideSolutionNode = FALSE
	EndGlobalSection
	GlobalSection(NestedProjects) = preSolution
		{F82DA527-CEE4-42A1-8CC1-999A21A5C006} = {BA82BDA7-B3A7-4FBA-BF55-AA1E38146368}
		{2E3CB821-A6AC-4FF7-A81E-D13477F18B09} = {F82DA527-CEE4-42A1-8CC1-999A21A5C006}
		{84144ADF-6FA4-449F-AE80-651636EFFA52} = {F82DA527-CEE4-42A1-8CC1-999A21A5C006}
		{AEC22020-F68F-42C8-8383-19EF9D02B959} = {BA82BDA7-B3A7-4FBA-BF55-AA1E38146368}
		{F74AF71C-072D-4EBE-ACAD-7CB2B68B58B5} = {AEC22020-F68F-42C8-8383-19EF9D02B959}
		{5F8C8D26-6A2C-4B21-A17D-5422F80A2136} = {AEC22020-F68F-42C8-8383-19EF9D02B959}
		{286C9E60-9FCA-4372-A326-F2EF57167E86} = {48F4B838-5FF9-41F6-A98A-166B3938D1E5}
		{88FD6CA0-622A-4516-A371-FE10AF3CE1C1} = {48F4B838-5FF9-41F6-A98A-166B3938D1E5}
		{4F15D698-EBF1-4CD0-83D3-5392D49F452E} = {BA82BDA7-B3A7-4FBA-BF55-AA1E38146368}
		{DD1FBCC2-8C59-496D-AE04-A89E0C52A375} = {4F15D698-EBF1-4CD0-83D3-5392D49F452E}
		{A6A653F3-52AB-4514-9B2C-36D16961789A} = {F82DA527-CEE4-42A1-8CC1-999A21A5C006}
	EndGlobalSection
	GlobalSection(ExtensibilityGlobals) = postSolution
		SolutionGuid = {42D032F2-59A7-44DF-A201-CFD6B5E6473B}
	EndGlobalSection
EndGlobal
